
Microsoft Visual Studio Solution File, Format Version 12.00
# Visual Studio Version 17
VisualStudioVersion = 17.14.36616.10 d17.14
MinimumVisualStudioVersion = 10.0.40219.1
Project("{FAE04EC0-301F-11D3-BF4B-00C04F79EFBC}") = "MyGutarShop.Api", "MyGutarShop.Api.csproj", "{69666BB9-C49E-4FFB-A0C5-228D33B8B970}"
EndProject
Project("{FAE04EC0-301F-11D3-BF4B-00C04F79EFBC}") = "MyGuitarShop.Common", "..\MyGuitarShop.Common\MyGuitarShop.Common.csproj", "{4667BFE4-F9F0-4612-9DA0-74C2772FB476}"
EndProject
Project("{FAE04EC0-301F-11D3-BF4B-00C04F79EFBC}") = "MyGuitarShop.Data.Ado", "..\MyGuitarShop.Data.Ado\MyGuitarShop.Data.Ado.csproj", "{FFB2357B-DB45-4917-BE29-02564C3913A7}"
EndProject
Global
	GlobalSection(SolutionConfigurationPlatforms) = preSolution
		Debug|Any CPU = Debug|Any CPU
		Release|Any CPU = Release|Any CPU
	EndGlobalSection
	GlobalSection(ProjectConfigurationPlatforms) = postSolution
		{69666BB9-C49E-4FFB-A0C5-228D33B8B970}.Debug|Any CPU.ActiveCfg = Debug|Any CPU
		{69666BB9-C49E-4FFB-A0C5-228D33B8B970}.Debug|Any CPU.Build.0 = Debug|Any CPU
		{69666BB9-C49E-4FFB-A0C5-228D33B8B970}.Release|Any CPU.ActiveCfg = Release|Any CPU
		{69666BB9-C49E-4FFB-A0C5-228D33B8B970}.Release|Any CPU.Build.0 = Release|Any CPU
		{4667BFE4-F9F0-4612-9DA0-74C2772FB476}.Debug|Any CPU.ActiveCfg = Debug|Any CPU
		{4667BFE4-F9F0-4612-9DA0-74C2772FB476}.Debug|Any CPU.Build.0 = Debug|Any CPU
		{4667BFE4-F9F0-4612-9DA0-74C2772FB476}.Release|Any CPU.ActiveCfg = Release|Any CPU
		{4667BFE4-F9F0-4612-9DA0-74C2772FB476}.Release|Any CPU.Build.0 = Release|Any CPU
		{FFB2357B-DB45-4917-BE29-02564C3913A7}.Debug|Any CPU.ActiveCfg = Debug|Any CPU
		{FFB2357B-DB45-4917-BE29-02564C3913A7}.Debug|Any CPU.Build.0 = Debug|Any CPU
		{FFB2357B-DB45-4917-BE29-02564C3913A7}.Release|Any CPU.ActiveCfg = Release|Any CPU
		{FFB2357B-DB45-4917-BE29-02564C3913A7}.Release|Any CPU.Build.0 = Release|Any CPU
	EndGlobalSection
	GlobalSection(SolutionProperties) = preSolution
		HideSolutionNode = FALSE
	EndGlobalSection
	GlobalSection(ExtensibilityGlobals) = postSolution
		SolutionGuid = {41CB1F7D-8311-42F9-A25B-488FBDF47816}
	EndGlobalSection
EndGlobal
